
Microsoft Visual Studio Solution File, Format Version 12.00
# Visual Studio Version 17
VisualStudioVersion = 17.2.32630.192
MinimumVisualStudioVersion = 10.0.40219.1
Project("{FAE04EC0-301F-11D3-BF4B-00C04F79EFBC}") = "TrabalhoFinal_TP1", "TrabalhoFinal_TP1\TrabalhoFinal_TP1.csproj", "{F052DF9B-B816-4C9A-9FA6-7B6D5CA0DBE4}"
EndProject
Global
	GlobalSection(SolutionConfigurationPlatforms) = preSolution
		Debug|Any CPU = Debug|Any CPU
		Release|Any CPU = Release|Any CPU
	EndGlobalSection
	GlobalSection(ProjectConfigurationPlatforms) = postSolution
		{F052DF9B-B816-4C9A-9FA6-7B6D5CA0DBE4}.Debug|Any CPU.ActiveCfg = Debug|Any CPU
		{F052DF9B-B816-4C9A-9FA6-7B6D5CA0DBE4}.Debug|Any CPU.Build.0 = Debug|Any CPU
		{F052DF9B-B816-4C9A-9FA6-7B6D5CA0DBE4}.Release|Any CPU.ActiveCfg = Release|Any CPU
		{F052DF9B-B816-4C9A-9FA6-7B6D5CA0DBE4}.Release|Any CPU.Build.0 = Release|Any CPU
	EndGlobalSection
	GlobalSection(SolutionProperties) = preSolution
		HideSolutionNode = FALSE
	EndGlobalSection
	GlobalSection(ExtensibilityGlobals) = postSolution
		SolutionGuid = {D3778B95-178C-4B41-A77F-76A1963C945B}
	EndGlobalSection
EndGlobal
